// !$*UTF8*$!
{
	archiveVersion = 1;
	classes = {
	};
	objectVersion = 70;
	objects = {

/* Begin PBXBuildFile section */
		024234692983675800ABFC2A /* AnalyticsView.swift in Sources */ = {isa = PBXBuildFile; fileRef = 024234682983675800ABFC2A /* AnalyticsView.swift */; };
		02980083297CBD7600AEA9D6 /* SignInAppleHelper.swift in Sources */ = {isa = PBXBuildFile; fileRef = 02980082297CBD7600AEA9D6 /* SignInAppleHelper.swift */; };
		0298008B297CDE9700AEA9D6 /* SettingsViewModel.swift in Sources */ = {isa = PBXBuildFile; fileRef = 0298008A297CDE9700AEA9D6 /* SettingsViewModel.swift */; };
		0298008E297CDEBE00AEA9D6 /* AuthenticationViewModel.swift in Sources */ = {isa = PBXBuildFile; fileRef = 0298008D297CDEBE00AEA9D6 /* AuthenticationViewModel.swift */; };
		02980091297CDEE200AEA9D6 /* SignInEmailViewModel.swift in Sources */ = {isa = PBXBuildFile; fileRef = 02980090297CDEE200AEA9D6 /* SignInEmailViewModel.swift */; };
		02980094297CDF0200AEA9D6 /* ProfileView.swift in Sources */ = {isa = PBXBuildFile; fileRef = 02980093297CDF0200AEA9D6 /* ProfileView.swift */; };
		02980097297CE50A00AEA9D6 /* UserManager.swift in Sources */ = {isa = PBXBuildFile; fileRef = 02980096297CE50A00AEA9D6 /* UserManager.swift */; };
		0298009E297D0EC200AEA9D6 /* ProductsManager.swift in Sources */ = {isa = PBXBuildFile; fileRef = 0298009D297D0EC200AEA9D6 /* ProductsManager.swift */; };
		029800A1297D145600AEA9D6 /* ProductCellView.swift in Sources */ = {isa = PBXBuildFile; fileRef = 029800A0297D145600AEA9D6 /* ProductCellView.swift */; };
		029800A4297DEF0200AEA9D6 /* TabbarView.swift in Sources */ = {isa = PBXBuildFile; fileRef = 029800A3297DEF0200AEA9D6 /* TabbarView.swift */; };
		029800A7297DF0F400AEA9D6 /* FavoriteView.swift in Sources */ = {isa = PBXBuildFile; fileRef = 029800A6297DF0F400AEA9D6 /* FavoriteView.swift */; };
		029800A9297DFC6800AEA9D6 /* ProductCellViewBuilder.swift in Sources */ = {isa = PBXBuildFile; fileRef = 029800A8297DFC6800AEA9D6 /* ProductCellViewBuilder.swift */; };
		029800AC297E0AA100AEA9D6 /* Query+EXT.swift in Sources */ = {isa = PBXBuildFile; fileRef = 029800AB297E0AA100AEA9D6 /* Query+EXT.swift */; };
		029800B0297E0AD400AEA9D6 /* OnFirstAppearViewModifier.swift in Sources */ = {isa = PBXBuildFile; fileRef = 029800AF297E0AD400AEA9D6 /* OnFirstAppearViewModifier.swift */; };
		029800B2297E0AF400AEA9D6 /* FavoriteViewModel.swift in Sources */ = {isa = PBXBuildFile; fileRef = 029800B1297E0AF400AEA9D6 /* FavoriteViewModel.swift */; };
		029800B4297E0B0D00AEA9D6 /* ProductsViewModel.swift in Sources */ = {isa = PBXBuildFile; fileRef = 029800B3297E0B0D00AEA9D6 /* ProductsViewModel.swift */; };
		029800B7297F696D00AEA9D6 /* SecurityRules.swift in Sources */ = {isa = PBXBuildFile; fileRef = 029800B6297F696D00AEA9D6 /* SecurityRules.swift */; };
		029800BC297F6CA100AEA9D6 /* StorageManager.swift in Sources */ = {isa = PBXBuildFile; fileRef = 029800BB297F6CA100AEA9D6 /* StorageManager.swift */; };
		029800BE297F6EF200AEA9D6 /* ProfileViewModel.swift in Sources */ = {isa = PBXBuildFile; fileRef = 029800BD297F6EF200AEA9D6 /* ProfileViewModel.swift */; };
		029800C42980BA1800AEA9D6 /* CrashView.swift in Sources */ = {isa = PBXBuildFile; fileRef = 029800C32980BA1800AEA9D6 /* CrashView.swift */; };
		029800C92980CE2000AEA9D6 /* CrashManager.swift in Sources */ = {isa = PBXBuildFile; fileRef = 029800C82980CE2000AEA9D6 /* CrashManager.swift */; };
		029800CF2980CFAE00AEA9D6 /* PerformanceView.swift in Sources */ = {isa = PBXBuildFile; fileRef = 029800CE2980CFAE00AEA9D6 /* PerformanceView.swift */; };
		02D07985297C855700EAB2DE /* AuthenticationView.swift in Sources */ = {isa = PBXBuildFile; fileRef = 02D07984297C855700EAB2DE /* AuthenticationView.swift */; };
		02D07987297C876A00EAB2DE /* SignInEmailView.swift in Sources */ = {isa = PBXBuildFile; fileRef = 02D07986297C876A00EAB2DE /* SignInEmailView.swift */; };
		02D07989297C88AA00EAB2DE /* AuthenticationManager.swift in Sources */ = {isa = PBXBuildFile; fileRef = 02D07988297C88AA00EAB2DE /* AuthenticationManager.swift */; };
		02D0798B297C8CC400EAB2DE /* RootView.swift in Sources */ = {isa = PBXBuildFile; fileRef = 02D0798A297C8CC400EAB2DE /* RootView.swift */; };
		02D0798D297C8EE000EAB2DE /* SettingsView.swift in Sources */ = {isa = PBXBuildFile; fileRef = 02D0798C297C8EE000EAB2DE /* SettingsView.swift */; };
		02D07996297CA2FC00EAB2DE /* Utilities.swift in Sources */ = {isa = PBXBuildFile; fileRef = 02D07995297CA2FC00EAB2DE /* Utilities.swift */; };
		02D07998297CA8F900EAB2DE /* SignInGoogleHelper.swift in Sources */ = {isa = PBXBuildFile; fileRef = 02D07997297CA8F900EAB2DE /* SignInGoogleHelper.swift */; };
		02E2BFA3297C5C2C0051D19B /* ContentView.swift in Sources */ = {isa = PBXBuildFile; fileRef = 02E2BFA2297C5C2C0051D19B /* ContentView.swift */; };
		02E2BFA5297C5C2E0051D19B /* Assets.xcassets in Resources */ = {isa = PBXBuildFile; fileRef = 02E2BFA4297C5C2E0051D19B /* Assets.xcassets */; };
		02E2BFA8297C5C2E0051D19B /* Preview Assets.xcassets in Resources */ = {isa = PBXBuildFile; fileRef = 02E2BFA7297C5C2E0051D19B /* Preview Assets.xcassets */; };
		DE263E572DC28D8B005AC668 /* Localizable.strings in Resources */ = {isa = PBXBuildFile; fileRef = DE263E562DC28D8B005AC668 /* Localizable.strings */; };
		DE263E952DC46E69005AC668 /* ProductFiltersView.swift in Sources */ = {isa = PBXBuildFile; fileRef = DE263E942DC46E66005AC668 /* ProductFiltersView.swift */; };
		DE2C6B382DAD9F3400DDDF7C /* LaunchScreen.storyboard in Resources */ = {isa = PBXBuildFile; fileRef = DE2C6B372DAD9F3400DDDF7C /* LaunchScreen.storyboard */; };
		DE2C6B3A2DADA53800DDDF7C /* SplashView.swift in Sources */ = {isa = PBXBuildFile; fileRef = DE2C6B392DADA52E00DDDF7C /* SplashView.swift */; };
		DE3C9F552DC80FAD00C8C48C /* FirebaseAnalytics in Frameworks */ = {isa = PBXBuildFile; productRef = DE3C9F542DC80FAD00C8C48C /* FirebaseAnalytics */; };
		DE3C9F572DC80FAD00C8C48C /* FirebaseAnalyticsOnDeviceConversion in Frameworks */ = {isa = PBXBuildFile; productRef = DE3C9F562DC80FAD00C8C48C /* FirebaseAnalyticsOnDeviceConversion */; };
		DE3C9F592DC80FAD00C8C48C /* FirebaseAnalyticsWithoutAdIdSupport in Frameworks */ = {isa = PBXBuildFile; productRef = DE3C9F582DC80FAD00C8C48C /* FirebaseAnalyticsWithoutAdIdSupport */; };
		DE3C9F5B2DC80FAD00C8C48C /* FirebaseAppCheck in Frameworks */ = {isa = PBXBuildFile; productRef = DE3C9F5A2DC80FAD00C8C48C /* FirebaseAppCheck */; };
		DE3C9F5D2DC80FAD00C8C48C /* FirebaseAppDistribution-Beta in Frameworks */ = {isa = PBXBuildFile; productRef = DE3C9F5C2DC80FAD00C8C48C /* FirebaseAppDistribution-Beta */; };
		DE3C9F5F2DC80FAD00C8C48C /* FirebaseAuth in Frameworks */ = {isa = PBXBuildFile; productRef = DE3C9F5E2DC80FAD00C8C48C /* FirebaseAuth */; };
		DE3C9F612DC80FAD00C8C48C /* FirebaseAuthCombine-Community in Frameworks */ = {isa = PBXBuildFile; productRef = DE3C9F602DC80FAD00C8C48C /* FirebaseAuthCombine-Community */; };
		DE3C9F632DC80FAD00C8C48C /* FirebaseCore in Frameworks */ = {isa = PBXBuildFile; productRef = DE3C9F622DC80FAD00C8C48C /* FirebaseCore */; };
		DE3C9F652DC80FAD00C8C48C /* FirebaseCrashlytics in Frameworks */ = {isa = PBXBuildFile; productRef = DE3C9F642DC80FAD00C8C48C /* FirebaseCrashlytics */; };
		DE3C9F672DC80FAD00C8C48C /* FirebaseDatabase in Frameworks */ = {isa = PBXBuildFile; productRef = DE3C9F662DC80FAD00C8C48C /* FirebaseDatabase */; };
		DE3C9F692DC80FAD00C8C48C /* FirebaseDynamicLinks in Frameworks */ = {isa = PBXBuildFile; productRef = DE3C9F682DC80FAD00C8C48C /* FirebaseDynamicLinks */; };
		DE3C9F6B2DC80FAD00C8C48C /* FirebaseFirestore in Frameworks */ = {isa = PBXBuildFile; productRef = DE3C9F6A2DC80FAD00C8C48C /* FirebaseFirestore */; };
		DE3C9F6D2DC80FAD00C8C48C /* FirebaseFirestoreCombine-Community in Frameworks */ = {isa = PBXBuildFile; productRef = DE3C9F6C2DC80FAD00C8C48C /* FirebaseFirestoreCombine-Community */; };
		DE3C9F6F2DC80FAD00C8C48C /* FirebaseFunctions in Frameworks */ = {isa = PBXBuildFile; productRef = DE3C9F6E2DC80FAD00C8C48C /* FirebaseFunctions */; };
		DE3C9F712DC80FAD00C8C48C /* FirebaseFunctionsCombine-Community in Frameworks */ = {isa = PBXBuildFile; productRef = DE3C9F702DC80FAD00C8C48C /* FirebaseFunctionsCombine-Community */; };
		DE3C9F732DC80FAD00C8C48C /* FirebaseInAppMessaging-Beta in Frameworks */ = {isa = PBXBuildFile; productRef = DE3C9F722DC80FAD00C8C48C /* FirebaseInAppMessaging-Beta */; };
		DE3C9F752DC80FAD00C8C48C /* FirebaseInstallations in Frameworks */ = {isa = PBXBuildFile; productRef = DE3C9F742DC80FAD00C8C48C /* FirebaseInstallations */; };
		DE3C9F772DC80FAD00C8C48C /* FirebaseMLModelDownloader in Frameworks */ = {isa = PBXBuildFile; productRef = DE3C9F762DC80FAD00C8C48C /* FirebaseMLModelDownloader */; };
		DE3C9F792DC80FAD00C8C48C /* FirebaseMessaging in Frameworks */ = {isa = PBXBuildFile; productRef = DE3C9F782DC80FAD00C8C48C /* FirebaseMessaging */; };
		DE3C9F7B2DC80FAD00C8C48C /* FirebasePerformance in Frameworks */ = {isa = PBXBuildFile; productRef = DE3C9F7A2DC80FAD00C8C48C /* FirebasePerformance */; };
		DE3C9F7D2DC80FAD00C8C48C /* FirebaseRemoteConfig in Frameworks */ = {isa = PBXBuildFile; productRef = DE3C9F7C2DC80FAD00C8C48C /* FirebaseRemoteConfig */; };
		DE3C9F7F2DC80FAD00C8C48C /* FirebaseStorage in Frameworks */ = {isa = PBXBuildFile; productRef = DE3C9F7E2DC80FAD00C8C48C /* FirebaseStorage */; };
		DE3C9F812DC80FAD00C8C48C /* FirebaseStorageCombine-Community in Frameworks */ = {isa = PBXBuildFile; productRef = DE3C9F802DC80FAD00C8C48C /* FirebaseStorageCombine-Community */; };
		DE3C9F832DC80FAD00C8C48C /* FirebaseVertexAI in Frameworks */ = {isa = PBXBuildFile; productRef = DE3C9F822DC80FAD00C8C48C /* FirebaseVertexAI */; };
		DE3C9F862DC80FD000C8C48C /* Stripe in Frameworks */ = {isa = PBXBuildFile; productRef = DE3C9F852DC80FD000C8C48C /* Stripe */; };
		DE3C9F882DC80FD000C8C48C /* StripeApplePay in Frameworks */ = {isa = PBXBuildFile; productRef = DE3C9F872DC80FD000C8C48C /* StripeApplePay */; };
		DE3C9F8A2DC80FD000C8C48C /* StripeCardScan in Frameworks */ = {isa = PBXBuildFile; productRef = DE3C9F892DC80FD000C8C48C /* StripeCardScan */; };
		DE3C9F8C2DC80FD000C8C48C /* StripeConnect in Frameworks */ = {isa = PBXBuildFile; productRef = DE3C9F8B2DC80FD000C8C48C /* StripeConnect */; };
		DE3C9F8E2DC80FD000C8C48C /* StripeFinancialConnections in Frameworks */ = {isa = PBXBuildFile; productRef = DE3C9F8D2DC80FD000C8C48C /* StripeFinancialConnections */; };
		DE3C9F902DC80FD000C8C48C /* StripeIdentity in Frameworks */ = {isa = PBXBuildFile; productRef = DE3C9F8F2DC80FD000C8C48C /* StripeIdentity */; };
		DE3C9F922DC80FD000C8C48C /* StripePaymentSheet in Frameworks */ = {isa = PBXBuildFile; productRef = DE3C9F912DC80FD000C8C48C /* StripePaymentSheet */; };
		DE3C9F942DC80FD000C8C48C /* StripePayments in Frameworks */ = {isa = PBXBuildFile; productRef = DE3C9F932DC80FD000C8C48C /* StripePayments */; };
		DE3C9F962DC80FD000C8C48C /* StripePaymentsUI in Frameworks */ = {isa = PBXBuildFile; productRef = DE3C9F952DC80FD000C8C48C /* StripePaymentsUI */; };
		DE3C9F992DC80FEB00C8C48C /* Kingfisher in Frameworks */ = {isa = PBXBuildFile; productRef = DE3C9F982DC80FEB00C8C48C /* Kingfisher */; };
		DE3C9F9C2DC8100500C8C48C /* GoogleSignIn in Frameworks */ = {isa = PBXBuildFile; productRef = DE3C9F9B2DC8100500C8C48C /* GoogleSignIn */; };
		DE3C9F9E2DC8100500C8C48C /* GoogleSignInSwift in Frameworks */ = {isa = PBXBuildFile; productRef = DE3C9F9D2DC8100500C8C48C /* GoogleSignInSwift */; };
		DE58C13F2DE41E600079B3BB /* ConfettiSwiftUI in Frameworks */ = {isa = PBXBuildFile; productRef = DE58C13E2DE41E600079B3BB /* ConfettiSwiftUI */; };
		DE5F580C2DA732A200044552 /* SingleProductView.swift in Sources */ = {isa = PBXBuildFile; fileRef = DE5F580B2DA7329B00044552 /* SingleProductView.swift */; };
		DE5F580E2DA75B0700044552 /* ProductsView.swift in Sources */ = {isa = PBXBuildFile; fileRef = DE5F580D2DA75B0100044552 /* ProductsView.swift */; };
		DE5F58122DA8966600044552 /* ProfilePhotoActionSheetView.swift in Sources */ = {isa = PBXBuildFile; fileRef = DE5F58112DA8966500044552 /* ProfilePhotoActionSheetView.swift */; };
		DE5F58162DA896ED00044552 /* ImagePicker.swift in Sources */ = {isa = PBXBuildFile; fileRef = DE5F58152DA896E700044552 /* ImagePicker.swift */; };
		DE5F581C2DA9FD7500044552 /* OverlayProductCardView.swift in Sources */ = {isa = PBXBuildFile; fileRef = DE5F581B2DA9FD6C00044552 /* OverlayProductCardView.swift */; };
		DE5F582D2DAA0FBD00044552 /* ProductCategoryFilterView.swift in Sources */ = {isa = PBXBuildFile; fileRef = DE5F582C2DAA0FAD00044552 /* ProductCategoryFilterView.swift */; };
		DE72E39B2DC71A4F00A84898 /* FirebaseAnalyticsOnDeviceConversion in Frameworks */ = {isa = PBXBuildFile; productRef = DE72E39A2DC71A4F00A84898 /* FirebaseAnalyticsOnDeviceConversion */; };
		DE72E39D2DC71A4F00A84898 /* FirebaseAnalyticsWithoutAdIdSupport in Frameworks */ = {isa = PBXBuildFile; productRef = DE72E39C2DC71A4F00A84898 /* FirebaseAnalyticsWithoutAdIdSupport */; };
		DE72E39F2DC71A4F00A84898 /* FirebaseAppCheck in Frameworks */ = {isa = PBXBuildFile; productRef = DE72E39E2DC71A4F00A84898 /* FirebaseAppCheck */; };
		DE79FF6A2DB6D41300473CC5 /* SwiftfulFirebaseBootcampApp.swift in Sources */ = {isa = PBXBuildFile; fileRef = DE79FF692DB6D41100473CC5 /* SwiftfulFirebaseBootcampApp.swift */; };
		DE8DBCB12DAEAA020052FE91 /* AnalyticsManager.swift in Sources */ = {isa = PBXBuildFile; fileRef = DE8DBCB02DAEA9FC0052FE91 /* AnalyticsManager.swift */; };
		DE8DBCB22DAEB34D0052FE91 /* AdSupport.framework in Frameworks */ = {isa = PBXBuildFile; fileRef = 024234662983674800ABFC2A /* AdSupport.framework */; };
		DE8DBCD92DAEC8580052FE91 /* AnalyticsTrackedView.swift in Sources */ = {isa = PBXBuildFile; fileRef = DE8DBCD82DAEC8500052FE91 /* AnalyticsTrackedView.swift */; };
		DE8DBCE32DAEF48E0052FE91 /* HelpPageView.swift in Sources */ = {isa = PBXBuildFile; fileRef = DE8DBCE22DAEF4890052FE91 /* HelpPageView.swift */; };
		DE957A692DA606080055B2CA /* ProductsDatabase.swift in Sources */ = {isa = PBXBuildFile; fileRef = DE957A682DA606080055B2CA /* ProductsDatabase.swift */; };
		DE957A812DA611470055B2CA /* FirebaseFunctions in Frameworks */ = {isa = PBXBuildFile; productRef = DE957A802DA611470055B2CA /* FirebaseFunctions */; };
		DEDAC7E62DC837AB0037A0CA /* GoogleService-Info.plist in Resources */ = {isa = PBXBuildFile; fileRef = DEDAC7E52DC837AB0037A0CA /* GoogleService-Info.plist */; };
		DEE5C4212DC6AA5F00732BF3 /* products.json in Resources */ = {isa = PBXBuildFile; fileRef = DEE5C4202DC6AA5F00732BF3 /* products.json */; };
/* End PBXBuildFile section */

/* Begin PBXFileReference section */
		024234662983674800ABFC2A /* AdSupport.framework */ = {isa = PBXFileReference; lastKnownFileType = wrapper.framework; name = AdSupport.framework; path = System/Library/Frameworks/AdSupport.framework; sourceTree = SDKROOT; };
		024234682983675800ABFC2A /* AnalyticsView.swift */ = {isa = PBXFileReference; lastKnownFileType = sourcecode.swift; path = AnalyticsView.swift; sourceTree = "<group>"; };
		02980082297CBD7600AEA9D6 /* SignInAppleHelper.swift */ = {isa = PBXFileReference; lastKnownFileType = sourcecode.swift; path = SignInAppleHelper.swift; sourceTree = "<group>"; };
		0298008A297CDE9700AEA9D6 /* SettingsViewModel.swift */ = {isa = PBXFileReference; lastKnownFileType = sourcecode.swift; path = SettingsViewModel.swift; sourceTree = "<group>"; };
		0298008D297CDEBE00AEA9D6 /* AuthenticationViewModel.swift */ = {isa = PBXFileReference; lastKnownFileType = sourcecode.swift; path = AuthenticationViewModel.swift; sourceTree = "<group>"; };
		02980090297CDEE200AEA9D6 /* SignInEmailViewModel.swift */ = {isa = PBXFileReference; lastKnownFileType = sourcecode.swift; path = SignInEmailViewModel.swift; sourceTree = "<group>"; };
		02980093297CDF0200AEA9D6 /* ProfileView.swift */ = {isa = PBXFileReference; lastKnownFileType = sourcecode.swift; path = ProfileView.swift; sourceTree = "<group>"; };
		02980096297CE50A00AEA9D6 /* UserManager.swift */ = {isa = PBXFileReference; lastKnownFileType = sourcecode.swift; path = UserManager.swift; sourceTree = "<group>"; };
		0298009D297D0EC200AEA9D6 /* ProductsManager.swift */ = {isa = PBXFileReference; lastKnownFileType = sourcecode.swift; path = ProductsManager.swift; sourceTree = "<group>"; };
		029800A0297D145600AEA9D6 /* ProductCellView.swift */ = {isa = PBXFileReference; lastKnownFileType = sourcecode.swift; path = ProductCellView.swift; sourceTree = "<group>"; };
		029800A3297DEF0200AEA9D6 /* TabbarView.swift */ = {isa = PBXFileReference; lastKnownFileType = sourcecode.swift; path = TabbarView.swift; sourceTree = "<group>"; };
		029800A6297DF0F400AEA9D6 /* FavoriteView.swift */ = {isa = PBXFileReference; lastKnownFileType = sourcecode.swift; path = FavoriteView.swift; sourceTree = "<group>"; };
		029800A8297DFC6800AEA9D6 /* ProductCellViewBuilder.swift */ = {isa = PBXFileReference; lastKnownFileType = sourcecode.swift; path = ProductCellViewBuilder.swift; sourceTree = "<group>"; };
		029800AB297E0AA100AEA9D6 /* Query+EXT.swift */ = {isa = PBXFileReference; lastKnownFileType = sourcecode.swift; path = "Query+EXT.swift"; sourceTree = "<group>"; };
		029800AF297E0AD400AEA9D6 /* OnFirstAppearViewModifier.swift */ = {isa = PBXFileReference; lastKnownFileType = sourcecode.swift; path = OnFirstAppearViewModifier.swift; sourceTree = "<group>"; };
		029800B1297E0AF400AEA9D6 /* FavoriteViewModel.swift */ = {isa = PBXFileReference; lastKnownFileType = sourcecode.swift; path = FavoriteViewModel.swift; sourceTree = "<group>"; };
		029800B3297E0B0D00AEA9D6 /* ProductsViewModel.swift */ = {isa = PBXFileReference; lastKnownFileType = sourcecode.swift; path = ProductsViewModel.swift; sourceTree = "<group>"; };
		029800B6297F696D00AEA9D6 /* SecurityRules.swift */ = {isa = PBXFileReference; lastKnownFileType = sourcecode.swift; path = SecurityRules.swift; sourceTree = "<group>"; };
		029800BB297F6CA100AEA9D6 /* StorageManager.swift */ = {isa = PBXFileReference; lastKnownFileType = sourcecode.swift; path = StorageManager.swift; sourceTree = "<group>"; };
		029800BD297F6EF200AEA9D6 /* ProfileViewModel.swift */ = {isa = PBXFileReference; lastKnownFileType = sourcecode.swift; path = ProfileViewModel.swift; sourceTree = "<group>"; };
		029800C32980BA1800AEA9D6 /* CrashView.swift */ = {isa = PBXFileReference; lastKnownFileType = sourcecode.swift; path = CrashView.swift; sourceTree = "<group>"; };
		029800C82980CE2000AEA9D6 /* CrashManager.swift */ = {isa = PBXFileReference; lastKnownFileType = sourcecode.swift; path = CrashManager.swift; sourceTree = "<group>"; };
		029800CE2980CFAE00AEA9D6 /* PerformanceView.swift */ = {isa = PBXFileReference; lastKnownFileType = sourcecode.swift; path = PerformanceView.swift; sourceTree = "<group>"; };
		02D07984297C855700EAB2DE /* AuthenticationView.swift */ = {isa = PBXFileReference; lastKnownFileType = sourcecode.swift; path = AuthenticationView.swift; sourceTree = "<group>"; };
		02D07986297C876A00EAB2DE /* SignInEmailView.swift */ = {isa = PBXFileReference; lastKnownFileType = sourcecode.swift; path = SignInEmailView.swift; sourceTree = "<group>"; };
		02D07988297C88AA00EAB2DE /* AuthenticationManager.swift */ = {isa = PBXFileReference; lastKnownFileType = sourcecode.swift; path = AuthenticationManager.swift; sourceTree = "<group>"; };
		02D0798A297C8CC400EAB2DE /* RootView.swift */ = {isa = PBXFileReference; lastKnownFileType = sourcecode.swift; path = RootView.swift; sourceTree = "<group>"; };
		02D0798C297C8EE000EAB2DE /* SettingsView.swift */ = {isa = PBXFileReference; lastKnownFileType = sourcecode.swift; path = SettingsView.swift; sourceTree = "<group>"; };
		02D07993297C9FC500EAB2DE /* Info.plist */ = {isa = PBXFileReference; lastKnownFileType = text.plist.xml; path = Info.plist; sourceTree = "<group>"; };
		02D07995297CA2FC00EAB2DE /* Utilities.swift */ = {isa = PBXFileReference; lastKnownFileType = sourcecode.swift; path = Utilities.swift; sourceTree = "<group>"; };
		02D07997297CA8F900EAB2DE /* SignInGoogleHelper.swift */ = {isa = PBXFileReference; lastKnownFileType = sourcecode.swift; path = SignInGoogleHelper.swift; sourceTree = "<group>"; };
		02D07999297CB19C00EAB2DE /* SwiftfulFirebaseBootcamp.entitlements */ = {isa = PBXFileReference; lastKnownFileType = text.plist.entitlements; path = SwiftfulFirebaseBootcamp.entitlements; sourceTree = "<group>"; };
		02E2BF9D297C5C2C0051D19B /* SwiftfulFirebaseBootcamp.app */ = {isa = PBXFileReference; explicitFileType = wrapper.application; includeInIndex = 0; path = SwiftfulFirebaseBootcamp.app; sourceTree = BUILT_PRODUCTS_DIR; };
		02E2BFA2297C5C2C0051D19B /* ContentView.swift */ = {isa = PBXFileReference; lastKnownFileType = sourcecode.swift; path = ContentView.swift; sourceTree = "<group>"; };
		02E2BFA4297C5C2E0051D19B /* Assets.xcassets */ = {isa = PBXFileReference; lastKnownFileType = folder.assetcatalog; path = Assets.xcassets; sourceTree = "<group>"; };
		02E2BFA7297C5C2E0051D19B /* Preview Assets.xcassets */ = {isa = PBXFileReference; lastKnownFileType = folder.assetcatalog; path = "Preview Assets.xcassets"; sourceTree = "<group>"; };
		DE263E552DC28D8B005AC668 /* en */ = {isa = PBXFileReference; lastKnownFileType = text.plist.strings; name = en; path = en.lproj/Localizable.strings; sourceTree = "<group>"; };
		DE263E5C2DC28F27005AC668 /* cs */ = {isa = PBXFileReference; lastKnownFileType = text.plist.strings; name = cs; path = cs.lproj/Localizable.strings; sourceTree = "<group>"; };
		DE263E942DC46E66005AC668 /* ProductFiltersView.swift */ = {isa = PBXFileReference; lastKnownFileType = sourcecode.swift; path = ProductFiltersView.swift; sourceTree = "<group>"; };
		DE2C6B372DAD9F3400DDDF7C /* LaunchScreen.storyboard */ = {isa = PBXFileReference; lastKnownFileType = file.storyboard; path = LaunchScreen.storyboard; sourceTree = "<group>"; };
		DE2C6B392DADA52E00DDDF7C /* SplashView.swift */ = {isa = PBXFileReference; lastKnownFileType = sourcecode.swift; path = SplashView.swift; sourceTree = "<group>"; };
		DE5F580B2DA7329B00044552 /* SingleProductView.swift */ = {isa = PBXFileReference; lastKnownFileType = sourcecode.swift; path = SingleProductView.swift; sourceTree = "<group>"; };
		DE5F580D2DA75B0100044552 /* ProductsView.swift */ = {isa = PBXFileReference; lastKnownFileType = sourcecode.swift; path = ProductsView.swift; sourceTree = "<group>"; };
		DE5F58112DA8966500044552 /* ProfilePhotoActionSheetView.swift */ = {isa = PBXFileReference; lastKnownFileType = sourcecode.swift; path = ProfilePhotoActionSheetView.swift; sourceTree = "<group>"; };
		DE5F58152DA896E700044552 /* ImagePicker.swift */ = {isa = PBXFileReference; lastKnownFileType = sourcecode.swift; path = ImagePicker.swift; sourceTree = "<group>"; };
		DE5F581B2DA9FD6C00044552 /* OverlayProductCardView.swift */ = {isa = PBXFileReference; lastKnownFileType = sourcecode.swift; path = OverlayProductCardView.swift; sourceTree = "<group>"; };
		DE5F582C2DAA0FAD00044552 /* ProductCategoryFilterView.swift */ = {isa = PBXFileReference; lastKnownFileType = sourcecode.swift; path = ProductCategoryFilterView.swift; sourceTree = "<group>"; };
		DE79FF692DB6D41100473CC5 /* SwiftfulFirebaseBootcampApp.swift */ = {isa = PBXFileReference; lastKnownFileType = sourcecode.swift; path = SwiftfulFirebaseBootcampApp.swift; sourceTree = "<group>"; };
		DE8DBCB02DAEA9FC0052FE91 /* AnalyticsManager.swift */ = {isa = PBXFileReference; lastKnownFileType = sourcecode.swift; path = AnalyticsManager.swift; sourceTree = "<group>"; };
		DE8DBCD82DAEC8500052FE91 /* AnalyticsTrackedView.swift */ = {isa = PBXFileReference; lastKnownFileType = sourcecode.swift; path = AnalyticsTrackedView.swift; sourceTree = "<group>"; };
		DE8DBCE22DAEF4890052FE91 /* HelpPageView.swift */ = {isa = PBXFileReference; lastKnownFileType = sourcecode.swift; path = HelpPageView.swift; sourceTree = "<group>"; };
		DE957A682DA606080055B2CA /* ProductsDatabase.swift */ = {isa = PBXFileReference; lastKnownFileType = sourcecode.swift; path = ProductsDatabase.swift; sourceTree = "<group>"; };
		DEDAC7E52DC837AB0037A0CA /* GoogleService-Info.plist */ = {isa = PBXFileReference; lastKnownFileType = text.plist.xml; path = "GoogleService-Info.plist"; sourceTree = "<group>"; };
		DEDAC7E72DC842D40037A0CA /* SwiftfulFirebaseBootcampDebug.entitlements */ = {isa = PBXFileReference; lastKnownFileType = text.plist.entitlements; path = SwiftfulFirebaseBootcampDebug.entitlements; sourceTree = "<group>"; };
		DEE5C4202DC6AA5F00732BF3 /* products.json */ = {isa = PBXFileReference; lastKnownFileType = text.json; path = products.json; sourceTree = "<group>"; };
/* End PBXFileReference section */

/* Begin PBXFileSystemSynchronizedRootGroup section */
		DE07475D2DBC800900E8DCBF /* UnrealBridge */ = {isa = PBXFileSystemSynchronizedRootGroup; explicitFileTypes = {"UnrealLauncher.mm  " = sourcecode.cpp.objcpp; }; explicitFolders = (); path = UnrealBridge; sourceTree = "<group>"; };
		DE2C6B2A2DAD5DFC00DDDF7C /* Bookings */ = {isa = PBXFileSystemSynchronizedRootGroup; explicitFileTypes = {}; explicitFolders = (); path = Bookings; sourceTree = "<group>"; };
		DE2C6B312DAD86A900DDDF7C /* LogoView */ = {isa = PBXFileSystemSynchronizedRootGroup; explicitFileTypes = {}; explicitFolders = (); path = LogoView; sourceTree = "<group>"; };
		DE2C6B3D2DADC01F00DDDF7C /* SizeGuide */ = {isa = PBXFileSystemSynchronizedRootGroup; explicitFileTypes = {}; explicitFolders = (); path = SizeGuide; sourceTree = "<group>"; };
		DE58C0BA2DE37EDC0079B3BB /* TryOnHistoryView */ = {isa = PBXFileSystemSynchronizedRootGroup; explicitFileTypes = {}; explicitFolders = (); path = TryOnHistoryView; sourceTree = "<group>"; };
		DE58C0CB2DE38C950079B3BB /* Returns */ = {isa = PBXFileSystemSynchronizedRootGroup; explicitFileTypes = {}; explicitFolders = (); path = Returns; sourceTree = "<group>"; };
		DE58C0D82DE38DB60079B3BB /* Closet */ = {isa = PBXFileSystemSynchronizedRootGroup; explicitFileTypes = {}; explicitFolders = (); path = Closet; sourceTree = "<group>"; };
		DE58C0E22DE3B7C90079B3BB /* Banner */ = {isa = PBXFileSystemSynchronizedRootGroup; explicitFileTypes = {}; explicitFolders = (); path = Banner; sourceTree = "<group>"; };
		DE5F58012DA72E1500044552 /* Cart */ = {isa = PBXFileSystemSynchronizedRootGroup; explicitFileTypes = {}; explicitFolders = (); path = Cart; sourceTree = "<group>"; };
		DE5F58172DA9F82000044552 /* BrandView */ = {isa = PBXFileSystemSynchronizedRootGroup; explicitFileTypes = {}; explicitFolders = (); path = BrandView; sourceTree = "<group>"; };
		DE5F58342DAAC1D500044552 /* CheckOUt */ = {isa = PBXFileSystemSynchronizedRootGroup; explicitFileTypes = {}; explicitFolders = (); path = CheckOUt; sourceTree = "<group>"; };
		DE7251702DAC1284005A04D9 /* TRYON */ = {isa = PBXFileSystemSynchronizedRootGroup; explicitFileTypes = {}; explicitFolders = (); path = TRYON; sourceTree = "<group>"; };
/* End PBXFileSystemSynchronizedRootGroup section */

/* Begin PBXFrameworksBuildPhase section */
		02E2BF9A297C5C2C0051D19B /* Frameworks */ = {
			isa = PBXFrameworksBuildPhase;
			buildActionMask = 2147483647;
			files = (
				DE3C9F792DC80FAD00C8C48C /* FirebaseMessaging in Frameworks */,
				DE3C9F672DC80FAD00C8C48C /* FirebaseDatabase in Frameworks */,
				DE957A812DA611470055B2CA /* FirebaseFunctions in Frameworks */,
				DE3C9F8E2DC80FD000C8C48C /* StripeFinancialConnections in Frameworks */,
				DE3C9F942DC80FD000C8C48C /* StripePayments in Frameworks */,
				DE72E39D2DC71A4F00A84898 /* FirebaseAnalyticsWithoutAdIdSupport in Frameworks */,
				DE58C13F2DE41E600079B3BB /* ConfettiSwiftUI in Frameworks */,
				DE3C9F8A2DC80FD000C8C48C /* StripeCardScan in Frameworks */,
				DE3C9F712DC80FAD00C8C48C /* FirebaseFunctionsCombine-Community in Frameworks */,
				DE3C9F862DC80FD000C8C48C /* Stripe in Frameworks */,
				DE3C9F832DC80FAD00C8C48C /* FirebaseVertexAI in Frameworks */,
				DE3C9F6D2DC80FAD00C8C48C /* FirebaseFirestoreCombine-Community in Frameworks */,
				DE3C9F552DC80FAD00C8C48C /* FirebaseAnalytics in Frameworks */,
				DE3C9F6B2DC80FAD00C8C48C /* FirebaseFirestore in Frameworks */,
				DE3C9F652DC80FAD00C8C48C /* FirebaseCrashlytics in Frameworks */,
				DE3C9F9E2DC8100500C8C48C /* GoogleSignInSwift in Frameworks */,
				DE3C9F732DC80FAD00C8C48C /* FirebaseInAppMessaging-Beta in Frameworks */,
				DE3C9F8C2DC80FD000C8C48C /* StripeConnect in Frameworks */,
				DE3C9F882DC80FD000C8C48C /* StripeApplePay in Frameworks */,
				DE3C9F922DC80FD000C8C48C /* StripePaymentSheet in Frameworks */,
				DE3C9F772DC80FAD00C8C48C /* FirebaseMLModelDownloader in Frameworks */,
				DE3C9F902DC80FD000C8C48C /* StripeIdentity in Frameworks */,
				DE3C9F572DC80FAD00C8C48C /* FirebaseAnalyticsOnDeviceConversion in Frameworks */,
				DE3C9F992DC80FEB00C8C48C /* Kingfisher in Frameworks */,
				DE72E39F2DC71A4F00A84898 /* FirebaseAppCheck in Frameworks */,
				DE3C9F752DC80FAD00C8C48C /* FirebaseInstallations in Frameworks */,
				DE8DBCB22DAEB34D0052FE91 /* AdSupport.framework in Frameworks */,
				DE3C9F9C2DC8100500C8C48C /* GoogleSignIn in Frameworks */,
				DE3C9F6F2DC80FAD00C8C48C /* FirebaseFunctions in Frameworks */,
				DE72E39B2DC71A4F00A84898 /* FirebaseAnalyticsOnDeviceConversion in Frameworks */,
				DE3C9F7B2DC80FAD00C8C48C /* FirebasePerformance in Frameworks */,
				DE3C9F612DC80FAD00C8C48C /* FirebaseAuthCombine-Community in Frameworks */,
				DE3C9F632DC80FAD00C8C48C /* FirebaseCore in Frameworks */,
				DE3C9F7F2DC80FAD00C8C48C /* FirebaseStorage in Frameworks */,
				DE3C9F692DC80FAD00C8C48C /* FirebaseDynamicLinks in Frameworks */,
				DE3C9F812DC80FAD00C8C48C /* FirebaseStorageCombine-Community in Frameworks */,
				DE3C9F5F2DC80FAD00C8C48C /* FirebaseAuth in Frameworks */,
				DE3C9F5D2DC80FAD00C8C48C /* FirebaseAppDistribution-Beta in Frameworks */,
				DE3C9F7D2DC80FAD00C8C48C /* FirebaseRemoteConfig in Frameworks */,
				DE3C9F5B2DC80FAD00C8C48C /* FirebaseAppCheck in Frameworks */,
				DE3C9F962DC80FD000C8C48C /* StripePaymentsUI in Frameworks */,
				DE3C9F592DC80FAD00C8C48C /* FirebaseAnalyticsWithoutAdIdSupport in Frameworks */,
			);
			runOnlyForDeploymentPostprocessing = 0;
		};
/* End PBXFrameworksBuildPhase section */

/* Begin PBXGroup section */
		02423465298366FA00ABFC2A /* Analytics */ = {
			isa = PBXGroup;
			children = (
				DE8DBCD82DAEC8500052FE91 /* AnalyticsTrackedView.swift */,
				DE8DBCB02DAEA9FC0052FE91 /* AnalyticsManager.swift */,
				024234682983675800ABFC2A /* AnalyticsView.swift */,
			);
			path = Analytics;
			sourceTree = "<group>";
		};
		02980088297CDE6800AEA9D6 /* Core */ = {
			isa = PBXGroup;
			children = (
				DE58C0D82DE38DB60079B3BB /* Closet */,
				02D0798A297C8CC400EAB2DE /* RootView.swift */,
				0298008C297CDEA600AEA9D6 /* Authentication */,
				029800A2297DEEEF00AEA9D6 /* Tabbar */,
				0298009A297D0D0100AEA9D6 /* Products */,
				029800A5297DF0E700AEA9D6 /* Favorites */,
				02980092297CDEF100AEA9D6 /* Profile */,
				DE5F58172DA9F82000044552 /* BrandView */,
				02980089297CDE8C00AEA9D6 /* Settings */,
				DE58C0BA2DE37EDC0079B3BB /* TryOnHistoryView */,
				DE58C0CB2DE38C950079B3BB /* Returns */,
			);
			path = Core;
			sourceTree = "<group>";
		};
		02980089297CDE8C00AEA9D6 /* Settings */ = {
			isa = PBXGroup;
			children = (
				DE8DBCE22DAEF4890052FE91 /* HelpPageView.swift */,
				02D0798C297C8EE000EAB2DE /* SettingsView.swift */,
				0298008A297CDE9700AEA9D6 /* SettingsViewModel.swift */,
			);
			path = Settings;
			sourceTree = "<group>";
		};
		0298008C297CDEA600AEA9D6 /* Authentication */ = {
			isa = PBXGroup;
			children = (
				02D07984297C855700EAB2DE /* AuthenticationView.swift */,
				0298008D297CDEBE00AEA9D6 /* AuthenticationViewModel.swift */,
				0298008F297CDECF00AEA9D6 /* Subviews */,
			);
			path = Authentication;
			sourceTree = "<group>";
		};
		0298008F297CDECF00AEA9D6 /* Subviews */ = {
			isa = PBXGroup;
			children = (
				02D07986297C876A00EAB2DE /* SignInEmailView.swift */,
				02980090297CDEE200AEA9D6 /* SignInEmailViewModel.swift */,
			);
			path = Subviews;
			sourceTree = "<group>";
		};
		02980092297CDEF100AEA9D6 /* Profile */ = {
			isa = PBXGroup;
			children = (
				DE5F58152DA896E700044552 /* ImagePicker.swift */,
				DE5F58112DA8966500044552 /* ProfilePhotoActionSheetView.swift */,
				02980093297CDF0200AEA9D6 /* ProfileView.swift */,
				029800BD297F6EF200AEA9D6 /* ProfileViewModel.swift */,
			);
			path = Profile;
			sourceTree = "<group>";
		};
		02980095297CE4EA00AEA9D6 /* Firestore */ = {
			isa = PBXGroup;
			children = (
				02980096297CE50A00AEA9D6 /* UserManager.swift */,
				0298009D297D0EC200AEA9D6 /* ProductsManager.swift */,
			);
			path = Firestore;
			sourceTree = "<group>";
		};
		0298009A297D0D0100AEA9D6 /* Products */ = {
			isa = PBXGroup;
			children = (
				DE263E942DC46E66005AC668 /* ProductFiltersView.swift */,
				DE5F582C2DAA0FAD00044552 /* ProductCategoryFilterView.swift */,
				DE5F581B2DA9FD6C00044552 /* OverlayProductCardView.swift */,
				DE5F580D2DA75B0100044552 /* ProductsView.swift */,
				DE5F580B2DA7329B00044552 /* SingleProductView.swift */,
				029800B3297E0B0D00AEA9D6 /* ProductsViewModel.swift */,
				0298009F297D143000AEA9D6 /* Subviews */,
			);
			path = Products;
			sourceTree = "<group>";
		};
		0298009F297D143000AEA9D6 /* Subviews */ = {
			isa = PBXGroup;
			children = (
				029800A0297D145600AEA9D6 /* ProductCellView.swift */,
				029800A8297DFC6800AEA9D6 /* ProductCellViewBuilder.swift */,
			);
			path = Subviews;
			sourceTree = "<group>";
		};
		029800A2297DEEEF00AEA9D6 /* Tabbar */ = {
			isa = PBXGroup;
			children = (
				029800A3297DEF0200AEA9D6 /* TabbarView.swift */,
			);
			path = Tabbar;
			sourceTree = "<group>";
		};
		029800A5297DF0E700AEA9D6 /* Favorites */ = {
			isa = PBXGroup;
			children = (
				029800A6297DF0F400AEA9D6 /* FavoriteView.swift */,
				029800B1297E0AF400AEA9D6 /* FavoriteViewModel.swift */,
			);
			path = Favorites;
			sourceTree = "<group>";
		};
		029800AA297E0A9600AEA9D6 /* Extensions */ = {
			isa = PBXGroup;
			children = (
				029800AB297E0AA100AEA9D6 /* Query+EXT.swift */,
			);
			path = Extensions;
			sourceTree = "<group>";
		};
		029800AD297E0ABE00AEA9D6 /* Components */ = {
			isa = PBXGroup;
			children = (
				029800AE297E0AC400AEA9D6 /* ViewModifiers */,
			);
			path = Components;
			sourceTree = "<group>";
		};
		029800AE297E0AC400AEA9D6 /* ViewModifiers */ = {
			isa = PBXGroup;
			children = (
				029800AF297E0AD400AEA9D6 /* OnFirstAppearViewModifier.swift */,
			);
			path = ViewModifiers;
			sourceTree = "<group>";
		};
		029800B5297F695E00AEA9D6 /* SecurityRules */ = {
			isa = PBXGroup;
			children = (
				029800B6297F696D00AEA9D6 /* SecurityRules.swift */,
			);
			path = SecurityRules;
			sourceTree = "<group>";
		};
		029800BA297F6C9000AEA9D6 /* Storage */ = {
			isa = PBXGroup;
			children = (
				029800BB297F6CA100AEA9D6 /* StorageManager.swift */,
			);
			path = Storage;
			sourceTree = "<group>";
		};
		029800C22980BA0600AEA9D6 /* Crashlytics */ = {
			isa = PBXGroup;
			children = (
				029800C32980BA1800AEA9D6 /* CrashView.swift */,
				029800C82980CE2000AEA9D6 /* CrashManager.swift */,
			);
			path = Crashlytics;
			sourceTree = "<group>";
		};
		029800C72980CE0D00AEA9D6 /* Performance */ = {
			isa = PBXGroup;
			children = (
				029800CE2980CFAE00AEA9D6 /* PerformanceView.swift */,
			);
			path = Performance;
			sourceTree = "<group>";
		};
		02D07980297C84A900EAB2DE /* Frameworks */ = {
			isa = PBXGroup;
			children = (
				024234662983674800ABFC2A /* AdSupport.framework */,
			);
			name = Frameworks;
			sourceTree = "<group>";
		};
		02D07983297C853A00EAB2DE /* Authentication */ = {
			isa = PBXGroup;
			children = (
				02D07988297C88AA00EAB2DE /* AuthenticationManager.swift */,
				02D07997297CA8F900EAB2DE /* SignInGoogleHelper.swift */,
				02980082297CBD7600AEA9D6 /* SignInAppleHelper.swift */,
			);
			path = Authentication;
			sourceTree = "<group>";
		};
		02D07994297CA2EF00EAB2DE /* Utilities */ = {
			isa = PBXGroup;
			children = (
				02D07995297CA2FC00EAB2DE /* Utilities.swift */,
				DE957A682DA606080055B2CA /* ProductsDatabase.swift */,
				DEE5C4202DC6AA5F00732BF3 /* products.json */,
			);
			path = Utilities;
			sourceTree = "<group>";
		};
		02E2BF94297C5C2C0051D19B = {
			isa = PBXGroup;
			children = (
				DE263E562DC28D8B005AC668 /* Localizable.strings */,
				DE2C6B392DADA52E00DDDF7C /* SplashView.swift */,
				DE2C6B372DAD9F3400DDDF7C /* LaunchScreen.storyboard */,
				02E2BF9F297C5C2C0051D19B /* SwiftfulFirebaseBootcamp */,
				02E2BF9E297C5C2C0051D19B /* Products */,
				02D07980297C84A900EAB2DE /* Frameworks */,
			);
			sourceTree = "<group>";
		};
		02E2BF9E297C5C2C0051D19B /* Products */ = {
			isa = PBXGroup;
			children = (
				02E2BF9D297C5C2C0051D19B /* SwiftfulFirebaseBootcamp.app */,
			);
			name = Products;
			sourceTree = "<group>";
		};
		02E2BF9F297C5C2C0051D19B /* SwiftfulFirebaseBootcamp */ = {
			isa = PBXGroup;
			children = (
				DE58C0E22DE3B7C90079B3BB /* Banner */,
				DEDAC7E72DC842D40037A0CA /* SwiftfulFirebaseBootcampDebug.entitlements */,
				DE07475D2DBC800900E8DCBF /* UnrealBridge */,
				DE2C6B3D2DADC01F00DDDF7C /* SizeGuide */,
				DE2C6B312DAD86A900DDDF7C /* LogoView */,
				DE2C6B2A2DAD5DFC00DDDF7C /* Bookings */,
				DE7251702DAC1284005A04D9 /* TRYON */,
				DE5F58342DAAC1D500044552 /* CheckOUt */,
				DE5F58012DA72E1500044552 /* Cart */,
				02D07999297CB19C00EAB2DE /* SwiftfulFirebaseBootcamp.entitlements */,
				DE79FF692DB6D41100473CC5 /* SwiftfulFirebaseBootcampApp.swift */,
				02E2BFA2297C5C2C0051D19B /* ContentView.swift */,
				029800AD297E0ABE00AEA9D6 /* Components */,
				029800AA297E0A9600AEA9D6 /* Extensions */,
				02980088297CDE6800AEA9D6 /* Core */,
				02D07994297CA2EF00EAB2DE /* Utilities */,
				02D07983297C853A00EAB2DE /* Authentication */,
				02980095297CE4EA00AEA9D6 /* Firestore */,
				029800B5297F695E00AEA9D6 /* SecurityRules */,
				029800BA297F6C9000AEA9D6 /* Storage */,
				029800C22980BA0600AEA9D6 /* Crashlytics */,
				029800C72980CE0D00AEA9D6 /* Performance */,
				02423465298366FA00ABFC2A /* Analytics */,
				DEDAC7E52DC837AB0037A0CA /* GoogleService-Info.plist */,
				02D07993297C9FC500EAB2DE /* Info.plist */,
				02E2BFA4297C5C2E0051D19B /* Assets.xcassets */,
				02E2BFA6297C5C2E0051D19B /* Preview Content */,
			);
			path = SwiftfulFirebaseBootcamp;
			sourceTree = "<group>";
		};
		02E2BFA6297C5C2E0051D19B /* Preview Content */ = {
			isa = PBXGroup;
			children = (
				02E2BFA7297C5C2E0051D19B /* Preview Assets.xcassets */,
			);
			path = "Preview Content";
			sourceTree = "<group>";
		};
/* End PBXGroup section */

/* Begin PBXNativeTarget section */
		02E2BF9C297C5C2C0051D19B /* SwiftfulFirebaseBootcamp */ = {
			isa = PBXNativeTarget;
			buildConfigurationList = 02E2BFAB297C5C2E0051D19B /* Build configuration list for PBXNativeTarget "SwiftfulFirebaseBootcamp" */;
			buildPhases = (
				02E2BF99297C5C2C0051D19B /* Sources */,
				02E2BF9A297C5C2C0051D19B /* Frameworks */,
				02E2BF9B297C5C2C0051D19B /* Resources */,
				029800C12980B84600AEA9D6 /* ShellScript */,
			);
			buildRules = (
			);
			dependencies = (
			);
			fileSystemSynchronizedGroups = (
				DE07475D2DBC800900E8DCBF /* UnrealBridge */,
				DE2C6B2A2DAD5DFC00DDDF7C /* Bookings */,
				DE2C6B312DAD86A900DDDF7C /* LogoView */,
				DE2C6B3D2DADC01F00DDDF7C /* SizeGuide */,
				DE58C0BA2DE37EDC0079B3BB /* TryOnHistoryView */,
				DE58C0CB2DE38C950079B3BB /* Returns */,
				DE58C0D82DE38DB60079B3BB /* Closet */,
				DE58C0E22DE3B7C90079B3BB /* Banner */,
				DE5F58012DA72E1500044552 /* Cart */,
				DE5F58172DA9F82000044552 /* BrandView */,
				DE5F58342DAAC1D500044552 /* CheckOUt */,
				DE7251702DAC1284005A04D9 /* TRYON */,
			);
			name = SwiftfulFirebaseBootcamp;
			packageProductDependencies = (
				DE957A802DA611470055B2CA /* FirebaseFunctions */,
				DE72E39A2DC71A4F00A84898 /* FirebaseAnalyticsOnDeviceConversion */,
				DE72E39C2DC71A4F00A84898 /* FirebaseAnalyticsWithoutAdIdSupport */,
				DE72E39E2DC71A4F00A84898 /* FirebaseAppCheck */,
				DE3C9F542DC80FAD00C8C48C /* FirebaseAnalytics */,
				DE3C9F562DC80FAD00C8C48C /* FirebaseAnalyticsOnDeviceConversion */,
				DE3C9F582DC80FAD00C8C48C /* FirebaseAnalyticsWithoutAdIdSupport */,
				DE3C9F5A2DC80FAD00C8C48C /* FirebaseAppCheck */,
				DE3C9F5C2DC80FAD00C8C48C /* FirebaseAppDistribution-Beta */,
				DE3C9F5E2DC80FAD00C8C48C /* FirebaseAuth */,
				DE3C9F602DC80FAD00C8C48C /* FirebaseAuthCombine-Community */,
				DE3C9F622DC80FAD00C8C48C /* FirebaseCore */,
				DE3C9F642DC80FAD00C8C48C /* FirebaseCrashlytics */,
				DE3C9F662DC80FAD00C8C48C /* FirebaseDatabase */,
				DE3C9F682DC80FAD00C8C48C /* FirebaseDynamicLinks */,
				DE3C9F6A2DC80FAD00C8C48C /* FirebaseFirestore */,
				DE3C9F6C2DC80FAD00C8C48C /* FirebaseFirestoreCombine-Community */,
				DE3C9F6E2DC80FAD00C8C48C /* FirebaseFunctions */,
				DE3C9F702DC80FAD00C8C48C /* FirebaseFunctionsCombine-Community */,
				DE3C9F722DC80FAD00C8C48C /* FirebaseInAppMessaging-Beta */,
				DE3C9F742DC80FAD00C8C48C /* FirebaseInstallations */,
				DE3C9F762DC80FAD00C8C48C /* FirebaseMLModelDownloader */,
				DE3C9F782DC80FAD00C8C48C /* FirebaseMessaging */,
				DE3C9F7A2DC80FAD00C8C48C /* FirebasePerformance */,
				DE3C9F7C2DC80FAD00C8C48C /* FirebaseRemoteConfig */,
				DE3C9F7E2DC80FAD00C8C48C /* FirebaseStorage */,
				DE3C9F802DC80FAD00C8C48C /* FirebaseStorageCombine-Community */,
				DE3C9F822DC80FAD00C8C48C /* FirebaseVertexAI */,
				DE3C9F852DC80FD000C8C48C /* Stripe */,
				DE3C9F872DC80FD000C8C48C /* StripeApplePay */,
				DE3C9F892DC80FD000C8C48C /* StripeCardScan */,
				DE3C9F8B2DC80FD000C8C48C /* StripeConnect */,
				DE3C9F8D2DC80FD000C8C48C /* StripeFinancialConnections */,
				DE3C9F8F2DC80FD000C8C48C /* StripeIdentity */,
				DE3C9F912DC80FD000C8C48C /* StripePaymentSheet */,
				DE3C9F932DC80FD000C8C48C /* StripePayments */,
				DE3C9F952DC80FD000C8C48C /* StripePaymentsUI */,
				DE3C9F982DC80FEB00C8C48C /* Kingfisher */,
				DE3C9F9B2DC8100500C8C48C /* GoogleSignIn */,
				DE3C9F9D2DC8100500C8C48C /* GoogleSignInSwift */,
				DE58C13E2DE41E600079B3BB /* ConfettiSwiftUI */,
			);
			productName = SwiftfulFirebaseBootcamp;
			productReference = 02E2BF9D297C5C2C0051D19B /* SwiftfulFirebaseBootcamp.app */;
			productType = "com.apple.product-type.application";
		};
/* End PBXNativeTarget section */

/* Begin PBXProject section */
		02E2BF95297C5C2C0051D19B /* Project object */ = {
			isa = PBXProject;
			attributes = {
				BuildIndependentTargetsInParallel = 1;
				LastSwiftUpdateCheck = 1420;
				LastUpgradeCheck = 1420;
				TargetAttributes = {
					02E2BF9C297C5C2C0051D19B = {
						CreatedOnToolsVersion = 14.2;
						LastSwiftMigration = 1630;
					};
				};
			};
			buildConfigurationList = 02E2BF98297C5C2C0051D19B /* Build configuration list for PBXProject "SwiftfulFirebaseBootcamp" */;
			compatibilityVersion = "Xcode 14.0";
			developmentRegion = en;
			hasScannedForEncodings = 0;
			knownRegions = (
				en,
				Base,
				cs,
			);
			mainGroup = 02E2BF94297C5C2C0051D19B;
			packageReferences = (
				DE3C9F532DC80FAD00C8C48C /* XCRemoteSwiftPackageReference "firebase-ios-sdk" */,
				DE3C9F842DC80FD000C8C48C /* XCRemoteSwiftPackageReference "stripe-ios" */,
				DE3C9F972DC80FEB00C8C48C /* XCRemoteSwiftPackageReference "Kingfisher" */,
				DE3C9F9A2DC8100500C8C48C /* XCRemoteSwiftPackageReference "GoogleSignIn-iOS" */,
				DE58C13D2DE41E600079B3BB /* XCRemoteSwiftPackageReference "ConfettiSwiftUI" */,
			);
			productRefGroup = 02E2BF9E297C5C2C0051D19B /* Products */;
			projectDirPath = "";
			projectRoot = "";
			targets = (
				02E2BF9C297C5C2C0051D19B /* SwiftfulFirebaseBootcamp */,
			);
		};
/* End PBXProject section */

/* Begin PBXResourcesBuildPhase section */
		02E2BF9B297C5C2C0051D19B /* Resources */ = {
			isa = PBXResourcesBuildPhase;
			buildActionMask = 2147483647;
			files = (
				DE263E572DC28D8B005AC668 /* Localizable.strings in Resources */,
				DE2C6B382DAD9F3400DDDF7C /* LaunchScreen.storyboard in Resources */,
				02E2BFA8297C5C2E0051D19B /* Preview Assets.xcassets in Resources */,
				DEE5C4212DC6AA5F00732BF3 /* products.json in Resources */,
				02E2BFA5297C5C2E0051D19B /* Assets.xcassets in Resources */,
				DEDAC7E62DC837AB0037A0CA /* GoogleService-Info.plist in Resources */,
			);
			runOnlyForDeploymentPostprocessing = 0;
		};
/* End PBXResourcesBuildPhase section */

/* Begin PBXShellScriptBuildPhase section */
		029800C12980B84600AEA9D6 /* ShellScript */ = {
			isa = PBXShellScriptBuildPhase;
			buildActionMask = 2147483647;
			files = (
			);
			inputFileListPaths = (
			);
			inputPaths = (
				"${DWARF_DSYM_FOLDER_PATH}/${DWARF_DSYM_FILE_NAME}/Contents/Resources/DWARF/${TARGET_NAME}",
				"$(SRCROOT)/$(BUILT_PRODUCTS_DIR)/$(INFOPLIST_PATH)",
			);
			outputFileListPaths = (
			);
			outputPaths = (
			);
			runOnlyForDeploymentPostprocessing = 0;
			shellPath = /bin/sh;
			shellScript = "# Type a script or drag a script file from your workspace to insert its path.\n\"${BUILD_DIR%/Build/*}/SourcePackages/checkouts/firebase-ios-sdk/Crashlytics/run\"\n";
		};
/* End PBXShellScriptBuildPhase section */

/* Begin PBXSourcesBuildPhase section */
		02E2BF99297C5C2C0051D19B /* Sources */ = {
			isa = PBXSourcesBuildPhase;
			buildActionMask = 2147483647;
			files = (
				DE5F58162DA896ED00044552 /* ImagePicker.swift in Sources */,
				0298008E297CDEBE00AEA9D6 /* AuthenticationViewModel.swift in Sources */,
				DE5F58122DA8966600044552 /* ProfilePhotoActionSheetView.swift in Sources */,
				02D0798D297C8EE000EAB2DE /* SettingsView.swift in Sources */,
				DE263E952DC46E69005AC668 /* ProductFiltersView.swift in Sources */,
				029800BE297F6EF200AEA9D6 /* ProfileViewModel.swift in Sources */,
				029800A1297D145600AEA9D6 /* ProductCellView.swift in Sources */,
				029800BC297F6CA100AEA9D6 /* StorageManager.swift in Sources */,
				DE5F580C2DA732A200044552 /* SingleProductView.swift in Sources */,
				02E2BFA3297C5C2C0051D19B /* ContentView.swift in Sources */,
				02980097297CE50A00AEA9D6 /* UserManager.swift in Sources */,
				02D0798B297C8CC400EAB2DE /* RootView.swift in Sources */,
				029800C92980CE2000AEA9D6 /* CrashManager.swift in Sources */,
				DE5F582D2DAA0FBD00044552 /* ProductCategoryFilterView.swift in Sources */,
				02980091297CDEE200AEA9D6 /* SignInEmailViewModel.swift in Sources */,
				DE8DBCB12DAEAA020052FE91 /* AnalyticsManager.swift in Sources */,
				029800B2297E0AF400AEA9D6 /* FavoriteViewModel.swift in Sources */,
				0298009E297D0EC200AEA9D6 /* ProductsManager.swift in Sources */,
				02D07998297CA8F900EAB2DE /* SignInGoogleHelper.swift in Sources */,
				02D07985297C855700EAB2DE /* AuthenticationView.swift in Sources */,
				02D07989297C88AA00EAB2DE /* AuthenticationManager.swift in Sources */,
				02D07996297CA2FC00EAB2DE /* Utilities.swift in Sources */,
				DE5F580E2DA75B0700044552 /* ProductsView.swift in Sources */,
				029800B4297E0B0D00AEA9D6 /* ProductsViewModel.swift in Sources */,
				DE8DBCD92DAEC8580052FE91 /* AnalyticsTrackedView.swift in Sources */,
				0298008B297CDE9700AEA9D6 /* SettingsViewModel.swift in Sources */,
				029800C42980BA1800AEA9D6 /* CrashView.swift in Sources */,
				029800A7297DF0F400AEA9D6 /* FavoriteView.swift in Sources */,
				02980083297CBD7600AEA9D6 /* SignInAppleHelper.swift in Sources */,
				DE5F581C2DA9FD7500044552 /* OverlayProductCardView.swift in Sources */,
				DE79FF6A2DB6D41300473CC5 /* SwiftfulFirebaseBootcampApp.swift in Sources */,
				DE957A692DA606080055B2CA /* ProductsDatabase.swift in Sources */,
				029800B0297E0AD400AEA9D6 /* OnFirstAppearViewModifier.swift in Sources */,
				DE2C6B3A2DADA53800DDDF7C /* SplashView.swift in Sources */,
				DE8DBCE32DAEF48E0052FE91 /* HelpPageView.swift in Sources */,
				029800B7297F696D00AEA9D6 /* SecurityRules.swift in Sources */,
				029800A9297DFC6800AEA9D6 /* ProductCellViewBuilder.swift in Sources */,
				024234692983675800ABFC2A /* AnalyticsView.swift in Sources */,
				02980094297CDF0200AEA9D6 /* ProfileView.swift in Sources */,
				029800A4297DEF0200AEA9D6 /* TabbarView.swift in Sources */,
				029800CF2980CFAE00AEA9D6 /* PerformanceView.swift in Sources */,
				02D07987297C876A00EAB2DE /* SignInEmailView.swift in Sources */,
				029800AC297E0AA100AEA9D6 /* Query+EXT.swift in Sources */,
			);
			runOnlyForDeploymentPostprocessing = 0;
		};
/* End PBXSourcesBuildPhase section */

/* Begin PBXVariantGroup section */
		DE263E562DC28D8B005AC668 /* Localizable.strings */ = {
			isa = PBXVariantGroup;
			children = (
				DE263E552DC28D8B005AC668 /* en */,
				DE263E5C2DC28F27005AC668 /* cs */,
			);
			name = Localizable.strings;
			sourceTree = "<group>";
		};
/* End PBXVariantGroup section */

/* Begin XCBuildConfiguration section */
		02E2BFA9297C5C2E0051D19B /* Debug */ = {
			isa = XCBuildConfiguration;
			buildSettings = {
				ALWAYS_SEARCH_USER_PATHS = NO;
				CLANG_ANALYZER_NONNULL = YES;
				CLANG_ANALYZER_NUMBER_OBJECT_CONVERSION = YES_AGGRESSIVE;
				CLANG_CXX_LANGUAGE_STANDARD = "gnu++20";
				CLANG_ENABLE_MODULES = YES;
				CLANG_ENABLE_OBJC_ARC = YES;
				CLANG_ENABLE_OBJC_WEAK = YES;
				CLANG_WARN_BLOCK_CAPTURE_AUTORELEASING = YES;
				CLANG_WARN_BOOL_CONVERSION = YES;
				CLANG_WARN_COMMA = YES;
				CLANG_WARN_CONSTANT_CONVERSION = YES;
				CLANG_WARN_DEPRECATED_OBJC_IMPLEMENTATIONS = YES;
				CLANG_WARN_DIRECT_OBJC_ISA_USAGE = YES_ERROR;
				CLANG_WARN_DOCUMENTATION_COMMENTS = YES;
				CLANG_WARN_EMPTY_BODY = YES;
				CLANG_WARN_ENUM_CONVERSION = YES;
				CLANG_WARN_INFINITE_RECURSION = YES;
				CLANG_WARN_INT_CONVERSION = YES;
				CLANG_WARN_NON_LITERAL_NULL_CONVERSION = YES;
				CLANG_WARN_OBJC_IMPLICIT_RETAIN_SELF = YES;
				CLANG_WARN_OBJC_LITERAL_CONVERSION = YES;
				CLANG_WARN_OBJC_ROOT_CLASS = YES_ERROR;
				CLANG_WARN_QUOTED_INCLUDE_IN_FRAMEWORK_HEADER = YES;
				CLANG_WARN_RANGE_LOOP_ANALYSIS = YES;
				CLANG_WARN_STRICT_PROTOTYPES = YES;
				CLANG_WARN_SUSPICIOUS_MOVE = YES;
				CLANG_WARN_UNGUARDED_AVAILABILITY = YES_AGGRESSIVE;
				CLANG_WARN_UNREACHABLE_CODE = YES;
				CLANG_WARN__DUPLICATE_METHOD_MATCH = YES;
				CODE_SIGN_IDENTITY = "Apple Development";
				COPY_PHASE_STRIP = NO;
				DEBUG_INFORMATION_FORMAT = "dwarf-with-dsym";
				DEVELOPMENT_TEAM = 5XZV5H6A56;
				ENABLE_STRICT_OBJC_MSGSEND = YES;
				ENABLE_TESTABILITY = YES;
				GCC_C_LANGUAGE_STANDARD = gnu11;
				GCC_DYNAMIC_NO_PIC = NO;
				GCC_NO_COMMON_BLOCKS = YES;
				GCC_OPTIMIZATION_LEVEL = 0;
				GCC_PREPROCESSOR_DEFINITIONS = (
					"DEBUG=1",
					"$(inherited)",
				);
				GCC_WARN_64_TO_32_BIT_CONVERSION = YES;
				GCC_WARN_ABOUT_RETURN_TYPE = YES_ERROR;
				GCC_WARN_UNDECLARED_SELECTOR = YES;
				GCC_WARN_UNINITIALIZED_AUTOS = YES_AGGRESSIVE;
				GCC_WARN_UNUSED_FUNCTION = YES;
				GCC_WARN_UNUSED_VARIABLE = YES;
				IPHONEOS_DEPLOYMENT_TARGET = 16.2;
				LOCALIZATION_PREFERS_STRING_CATALOGS = YES;
				MTL_ENABLE_DEBUG_INFO = INCLUDE_SOURCE;
				MTL_FAST_MATH = YES;
				ONLY_ACTIVE_ARCH = YES;
				SDKROOT = iphoneos;
				SWIFT_ACTIVE_COMPILATION_CONDITIONS = DEBUG;
				SWIFT_EMIT_LOC_STRINGS = YES;
				SWIFT_OBJC_INTEROP_MODE = objcxx;
				SWIFT_OPTIMIZATION_LEVEL = "-Onone";
			};
			name = Debug;
		};
		02E2BFAA297C5C2E0051D19B /* Release */ = {
			isa = XCBuildConfiguration;
			buildSettings = {
				ALWAYS_SEARCH_USER_PATHS = NO;
				CLANG_ANALYZER_NONNULL = YES;
				CLANG_ANALYZER_NUMBER_OBJECT_CONVERSION = YES_AGGRESSIVE;
				CLANG_CXX_LANGUAGE_STANDARD = "gnu++20";
				CLANG_ENABLE_MODULES = YES;
				CLANG_ENABLE_OBJC_ARC = YES;
				CLANG_ENABLE_OBJC_WEAK = YES;
				CLANG_WARN_BLOCK_CAPTURE_AUTORELEASING = YES;
				CLANG_WARN_BOOL_CONVERSION = YES;
				CLANG_WARN_COMMA = YES;
				CLANG_WARN_CONSTANT_CONVERSION = YES;
				CLANG_WARN_DEPRECATED_OBJC_IMPLEMENTATIONS = YES;
				CLANG_WARN_DIRECT_OBJC_ISA_USAGE = YES_ERROR;
				CLANG_WARN_DOCUMENTATION_COMMENTS = YES;
				CLANG_WARN_EMPTY_BODY = YES;
				CLANG_WARN_ENUM_CONVERSION = YES;
				CLANG_WARN_INFINITE_RECURSION = YES;
				CLANG_WARN_INT_CONVERSION = YES;
				CLANG_WARN_NON_LITERAL_NULL_CONVERSION = YES;
				CLANG_WARN_OBJC_IMPLICIT_RETAIN_SELF = YES;
				CLANG_WARN_OBJC_LITERAL_CONVERSION = YES;
				CLANG_WARN_OBJC_ROOT_CLASS = YES_ERROR;
				CLANG_WARN_QUOTED_INCLUDE_IN_FRAMEWORK_HEADER = YES;
				CLANG_WARN_RANGE_LOOP_ANALYSIS = YES;
				CLANG_WARN_STRICT_PROTOTYPES = YES;
				CLANG_WARN_SUSPICIOUS_MOVE = YES;
				CLANG_WARN_UNGUARDED_AVAILABILITY = YES_AGGRESSIVE;
				CLANG_WARN_UNREACHABLE_CODE = YES;
				CLANG_WARN__DUPLICATE_METHOD_MATCH = YES;
				CODE_SIGN_IDENTITY = "Apple Development";
				COPY_PHASE_STRIP = NO;
				DEBUG_INFORMATION_FORMAT = "dwarf-with-dsym";
				DEVELOPMENT_TEAM = 5XZV5H6A56;
				ENABLE_NS_ASSERTIONS = NO;
				ENABLE_STRICT_OBJC_MSGSEND = YES;
				GCC_C_LANGUAGE_STANDARD = gnu11;
				GCC_NO_COMMON_BLOCKS = YES;
				GCC_WARN_64_TO_32_BIT_CONVERSION = YES;
				GCC_WARN_ABOUT_RETURN_TYPE = YES_ERROR;
				GCC_WARN_UNDECLARED_SELECTOR = YES;
				GCC_WARN_UNINITIALIZED_AUTOS = YES_AGGRESSIVE;
				GCC_WARN_UNUSED_FUNCTION = YES;
				GCC_WARN_UNUSED_VARIABLE = YES;
				IPHONEOS_DEPLOYMENT_TARGET = 16.2;
				LOCALIZATION_PREFERS_STRING_CATALOGS = YES;
				MTL_ENABLE_DEBUG_INFO = NO;
				MTL_FAST_MATH = YES;
				SDKROOT = iphoneos;
				SWIFT_COMPILATION_MODE = wholemodule;
				SWIFT_EMIT_LOC_STRINGS = YES;
				SWIFT_OBJC_INTEROP_MODE = objcxx;
				SWIFT_OPTIMIZATION_LEVEL = "-O";
				VALIDATE_PRODUCT = YES;
			};
			name = Release;
		};
		02E2BFAC297C5C2E0051D19B /* Debug */ = {
			isa = XCBuildConfiguration;
			buildSettings = {
				ASSETCATALOG_COMPILER_APPICON_NAME = AppIcon;
				ASSETCATALOG_COMPILER_GLOBAL_ACCENT_COLOR_NAME = AccentColor;
				CLANG_ENABLE_MODULES = YES;
				CODE_SIGN_ENTITLEMENTS = SwiftfulFirebaseBootcamp/SwiftfulFirebaseBootcampDebug.entitlements;
				CODE_SIGN_IDENTITY = "Apple Development";
				"CODE_SIGN_IDENTITY[sdk=iphoneos*]" = "iPhone Developer";
				CODE_SIGN_STYLE = Manual;
				CURRENT_PROJECT_VERSION = 1;
				DEVELOPMENT_ASSET_PATHS = "\"SwiftfulFirebaseBootcamp/Preview Content\"";
				DEVELOPMENT_TEAM = "";
				"DEVELOPMENT_TEAM[sdk=iphoneos*]" = 5XZV5H6A56;
				ENABLE_PREVIEWS = YES;
				GENERATE_INFOPLIST_FILE = YES;
				INFOPLIST_FILE = SwiftfulFirebaseBootcamp/Info.plist;
				INFOPLIST_KEY_CFBundleDisplayName = Bohem;
				INFOPLIST_KEY_NSCameraUsageDescription = "This app uses the camera to let you take a profile photo.\n";
				INFOPLIST_KEY_UIApplicationSceneManifest_Generation = YES;
				INFOPLIST_KEY_UIApplicationSupportsIndirectInputEvents = YES;
				INFOPLIST_KEY_UILaunchScreen_Generation = YES;
				INFOPLIST_KEY_UISupportedInterfaceOrientations_iPad = "UIInterfaceOrientationPortrait UIInterfaceOrientationPortraitUpsideDown UIInterfaceOrientationLandscapeLeft UIInterfaceOrientationLandscapeRight";
				INFOPLIST_KEY_UISupportedInterfaceOrientations_iPhone = "UIInterfaceOrientationPortrait UIInterfaceOrientationLandscapeLeft UIInterfaceOrientationLandscapeRight";
				IPHONEOS_DEPLOYMENT_TARGET = 17.6;
				LD_RUNPATH_SEARCH_PATHS = (
					"$(inherited)",
					"@executable_path/Frameworks",
				);
				MARKETING_VERSION = 1.3;
				OTHER_SWIFT_FLAGS = "-cxx-interoperability-mode=default";
				PRODUCT_BUNDLE_IDENTIFIER = com.bohem.bohem;
				PRODUCT_NAME = "$(TARGET_NAME)";
				PROVISIONING_PROFILE_SPECIFIER = "";
				"PROVISIONING_PROFILE_SPECIFIER[sdk=iphoneos*]" = BohemDevProfile;
				SWIFT_EMIT_LOC_STRINGS = YES;
				SWIFT_INCLUDE_PATHS = "$(SRCROOT)/SwiftfulFirebaseBootcamp/UnrealBridge";
				SWIFT_OBJC_INTEROP_MODE = objcxx;
				SWIFT_OPTIMIZATION_LEVEL = "-Onone";
				SWIFT_VERSION = 5.0;
				TARGETED_DEVICE_FAMILY = "1,2";
			};
			name = Debug;
		};
		02E2BFAD297C5C2E0051D19B /* Release */ = {
			isa = XCBuildConfiguration;
			buildSettings = {
				ASSETCATALOG_COMPILER_APPICON_NAME = AppIcon;
				ASSETCATALOG_COMPILER_GLOBAL_ACCENT_COLOR_NAME = AccentColor;
				CLANG_ENABLE_MODULES = YES;
				CODE_SIGN_ENTITLEMENTS = SwiftfulFirebaseBootcamp/SwiftfulFirebaseBootcamp.entitlements;
				CODE_SIGN_IDENTITY = "Apple Development";
				CODE_SIGN_STYLE = Automatic;
				CURRENT_PROJECT_VERSION = 1;
				DEVELOPMENT_ASSET_PATHS = "\"SwiftfulFirebaseBootcamp/Preview Content\"";
				DEVELOPMENT_TEAM = 5XZV5H6A56;
				ENABLE_PREVIEWS = YES;
				GENERATE_INFOPLIST_FILE = YES;
				INFOPLIST_FILE = SwiftfulFirebaseBootcamp/Info.plist;
				INFOPLIST_KEY_CFBundleDisplayName = Bohem;
				INFOPLIST_KEY_NSCameraUsageDescription = "This app uses the camera to let you take a profile photo.\n";
				INFOPLIST_KEY_UIApplicationSceneManifest_Generation = YES;
				INFOPLIST_KEY_UIApplicationSupportsIndirectInputEvents = YES;
				INFOPLIST_KEY_UILaunchScreen_Generation = YES;
				INFOPLIST_KEY_UISupportedInterfaceOrientations_iPad = "UIInterfaceOrientationPortrait UIInterfaceOrientationPortraitUpsideDown UIInterfaceOrientationLandscapeLeft UIInterfaceOrientationLandscapeRight";
				INFOPLIST_KEY_UISupportedInterfaceOrientations_iPhone = "UIInterfaceOrientationPortrait UIInterfaceOrientationLandscapeLeft UIInterfaceOrientationLandscapeRight";
				IPHONEOS_DEPLOYMENT_TARGET = 17.6;
				LD_RUNPATH_SEARCH_PATHS = (
					"$(inherited)",
					"@executable_path/Frameworks",
				);
				MARKETING_VERSION = 1.3;
				OTHER_SWIFT_FLAGS = "-cxx-interoperability-mode=default";
				PRODUCT_BUNDLE_IDENTIFIER = com.bohem.bohem;
				PRODUCT_NAME = "$(TARGET_NAME)";
				PROVISIONING_PROFILE_SPECIFIER = "";
				SWIFT_EMIT_LOC_STRINGS = YES;
				SWIFT_INCLUDE_PATHS = "$(SRCROOT)/SwiftfulFirebaseBootcamp/UnrealBridge";
				SWIFT_OBJC_INTEROP_MODE = objcxx;
				SWIFT_VERSION = 5.0;
				TARGETED_DEVICE_FAMILY = "1,2";
			};
			name = Release;
		};
/* End XCBuildConfiguration section */

/* Begin XCConfigurationList section */
		02E2BF98297C5C2C0051D19B /* Build configuration list for PBXProject "SwiftfulFirebaseBootcamp" */ = {
			isa = XCConfigurationList;
			buildConfigurations = (
				02E2BFA9297C5C2E0051D19B /* Debug */,
				02E2BFAA297C5C2E0051D19B /* Release */,
			);
			defaultConfigurationIsVisible = 0;
			defaultConfigurationName = Release;
		};
		02E2BFAB297C5C2E0051D19B /* Build configuration list for PBXNativeTarget "SwiftfulFirebaseBootcamp" */ = {
			isa = XCConfigurationList;
			buildConfigurations = (
				02E2BFAC297C5C2E0051D19B /* Debug */,
				02E2BFAD297C5C2E0051D19B /* Release */,
			);
			defaultConfigurationIsVisible = 0;
			defaultConfigurationName = Release;
		};
/* End XCConfigurationList section */

/* Begin XCRemoteSwiftPackageReference section */
		DE3C9F532DC80FAD00C8C48C /* XCRemoteSwiftPackageReference "firebase-ios-sdk" */ = {
			isa = XCRemoteSwiftPackageReference;
			repositoryURL = "https://github.com/firebase/firebase-ios-sdk";
			requirement = {
				kind = upToNextMajorVersion;
				minimumVersion = 11.12.0;
			};
		};
		DE3C9F842DC80FD000C8C48C /* XCRemoteSwiftPackageReference "stripe-ios" */ = {
			isa = XCRemoteSwiftPackageReference;
			repositoryURL = "https://github.com/stripe/stripe-ios";
			requirement = {
				kind = upToNextMajorVersion;
				minimumVersion = 24.12.1;
			};
		};
		DE3C9F972DC80FEB00C8C48C /* XCRemoteSwiftPackageReference "Kingfisher" */ = {
			isa = XCRemoteSwiftPackageReference;
			repositoryURL = "https://github.com/onevcat/Kingfisher";
			requirement = {
				kind = upToNextMajorVersion;
				minimumVersion = 8.3.2;
			};
		};
		DE3C9F9A2DC8100500C8C48C /* XCRemoteSwiftPackageReference "GoogleSignIn-iOS" */ = {
			isa = XCRemoteSwiftPackageReference;
			repositoryURL = "https://github.com/google/GoogleSignIn-iOS";
			requirement = {
				kind = upToNextMajorVersion;
				minimumVersion = 8.0.0;
			};
		};
		DE58C13D2DE41E600079B3BB /* XCRemoteSwiftPackageReference "ConfettiSwiftUI" */ = {
			isa = XCRemoteSwiftPackageReference;
			repositoryURL = "https://github.com/simibac/ConfettiSwiftUI";
			requirement = {
				kind = upToNextMajorVersion;
				minimumVersion = 2.0.3;
			};
		};
/* End XCRemoteSwiftPackageReference section */

/* Begin XCSwiftPackageProductDependency section */
		DE3C9F542DC80FAD00C8C48C /* FirebaseAnalytics */ = {
			isa = XCSwiftPackageProductDependency;
			package = DE3C9F532DC80FAD00C8C48C /* XCRemoteSwiftPackageReference "firebase-ios-sdk" */;
			productName = FirebaseAnalytics;
		};
		DE3C9F562DC80FAD00C8C48C /* FirebaseAnalyticsOnDeviceConversion */ = {
			isa = XCSwiftPackageProductDependency;
			package = DE3C9F532DC80FAD00C8C48C /* XCRemoteSwiftPackageReference "firebase-ios-sdk" */;
			productName = FirebaseAnalyticsOnDeviceConversion;
		};
		DE3C9F582DC80FAD00C8C48C /* FirebaseAnalyticsWithoutAdIdSupport */ = {
			isa = XCSwiftPackageProductDependency;
			package = DE3C9F532DC80FAD00C8C48C /* XCRemoteSwiftPackageReference "firebase-ios-sdk" */;
			productName = FirebaseAnalyticsWithoutAdIdSupport;
		};
		DE3C9F5A2DC80FAD00C8C48C /* FirebaseAppCheck */ = {
			isa = XCSwiftPackageProductDependency;
			package = DE3C9F532DC80FAD00C8C48C /* XCRemoteSwiftPackageReference "firebase-ios-sdk" */;
			productName = FirebaseAppCheck;
		};
		DE3C9F5C2DC80FAD00C8C48C /* FirebaseAppDistribution-Beta */ = {
			isa = XCSwiftPackageProductDependency;
			package = DE3C9F532DC80FAD00C8C48C /* XCRemoteSwiftPackageReference "firebase-ios-sdk" */;
			productName = "FirebaseAppDistribution-Beta";
		};
		DE3C9F5E2DC80FAD00C8C48C /* FirebaseAuth */ = {
			isa = XCSwiftPackageProductDependency;
			package = DE3C9F532DC80FAD00C8C48C /* XCRemoteSwiftPackageReference "firebase-ios-sdk" */;
			productName = FirebaseAuth;
		};
		DE3C9F602DC80FAD00C8C48C /* FirebaseAuthCombine-Community */ = {
			isa = XCSwiftPackageProductDependency;
			package = DE3C9F532DC80FAD00C8C48C /* XCRemoteSwiftPackageReference "firebase-ios-sdk" */;
			productName = "FirebaseAuthCombine-Community";
		};
		DE3C9F622DC80FAD00C8C48C /* FirebaseCore */ = {
			isa = XCSwiftPackageProductDependency;
			package = DE3C9F532DC80FAD00C8C48C /* XCRemoteSwiftPackageReference "firebase-ios-sdk" */;
			productName = FirebaseCore;
		};
		DE3C9F642DC80FAD00C8C48C /* FirebaseCrashlytics */ = {
			isa = XCSwiftPackageProductDependency;
			package = DE3C9F532DC80FAD00C8C48C /* XCRemoteSwiftPackageReference "firebase-ios-sdk" */;
			productName = FirebaseCrashlytics;
		};
		DE3C9F662DC80FAD00C8C48C /* FirebaseDatabase */ = {
			isa = XCSwiftPackageProductDependency;
			package = DE3C9F532DC80FAD00C8C48C /* XCRemoteSwiftPackageReference "firebase-ios-sdk" */;
			productName = FirebaseDatabase;
		};
		DE3C9F682DC80FAD00C8C48C /* FirebaseDynamicLinks */ = {
			isa = XCSwiftPackageProductDependency;
			package = DE3C9F532DC80FAD00C8C48C /* XCRemoteSwiftPackageReference "firebase-ios-sdk" */;
			productName = FirebaseDynamicLinks;
		};
		DE3C9F6A2DC80FAD00C8C48C /* FirebaseFirestore */ = {
			isa = XCSwiftPackageProductDependency;
			package = DE3C9F532DC80FAD00C8C48C /* XCRemoteSwiftPackageReference "firebase-ios-sdk" */;
			productName = FirebaseFirestore;
		};
		DE3C9F6C2DC80FAD00C8C48C /* FirebaseFirestoreCombine-Community */ = {
			isa = XCSwiftPackageProductDependency;
			package = DE3C9F532DC80FAD00C8C48C /* XCRemoteSwiftPackageReference "firebase-ios-sdk" */;
			productName = "FirebaseFirestoreCombine-Community";
		};
		DE3C9F6E2DC80FAD00C8C48C /* FirebaseFunctions */ = {
			isa = XCSwiftPackageProductDependency;
			package = DE3C9F532DC80FAD00C8C48C /* XCRemoteSwiftPackageReference "firebase-ios-sdk" */;
			productName = FirebaseFunctions;
		};
		DE3C9F702DC80FAD00C8C48C /* FirebaseFunctionsCombine-Community */ = {
			isa = XCSwiftPackageProductDependency;
			package = DE3C9F532DC80FAD00C8C48C /* XCRemoteSwiftPackageReference "firebase-ios-sdk" */;
			productName = "FirebaseFunctionsCombine-Community";
		};
		DE3C9F722DC80FAD00C8C48C /* FirebaseInAppMessaging-Beta */ = {
			isa = XCSwiftPackageProductDependency;
			package = DE3C9F532DC80FAD00C8C48C /* XCRemoteSwiftPackageReference "firebase-ios-sdk" */;
			productName = "FirebaseInAppMessaging-Beta";
		};
		DE3C9F742DC80FAD00C8C48C /* FirebaseInstallations */ = {
			isa = XCSwiftPackageProductDependency;
			package = DE3C9F532DC80FAD00C8C48C /* XCRemoteSwiftPackageReference "firebase-ios-sdk" */;
			productName = FirebaseInstallations;
		};
		DE3C9F762DC80FAD00C8C48C /* FirebaseMLModelDownloader */ = {
			isa = XCSwiftPackageProductDependency;
			package = DE3C9F532DC80FAD00C8C48C /* XCRemoteSwiftPackageReference "firebase-ios-sdk" */;
			productName = FirebaseMLModelDownloader;
		};
		DE3C9F782DC80FAD00C8C48C /* FirebaseMessaging */ = {
			isa = XCSwiftPackageProductDependency;
			package = DE3C9F532DC80FAD00C8C48C /* XCRemoteSwiftPackageReference "firebase-ios-sdk" */;
			productName = FirebaseMessaging;
		};
		DE3C9F7A2DC80FAD00C8C48C /* FirebasePerformance */ = {
			isa = XCSwiftPackageProductDependency;
			package = DE3C9F532DC80FAD00C8C48C /* XCRemoteSwiftPackageReference "firebase-ios-sdk" */;
			productName = FirebasePerformance;
		};
		DE3C9F7C2DC80FAD00C8C48C /* FirebaseRemoteConfig */ = {
			isa = XCSwiftPackageProductDependency;
			package = DE3C9F532DC80FAD00C8C48C /* XCRemoteSwiftPackageReference "firebase-ios-sdk" */;
			productName = FirebaseRemoteConfig;
		};
		DE3C9F7E2DC80FAD00C8C48C /* FirebaseStorage */ = {
			isa = XCSwiftPackageProductDependency;
			package = DE3C9F532DC80FAD00C8C48C /* XCRemoteSwiftPackageReference "firebase-ios-sdk" */;
			productName = FirebaseStorage;
		};
		DE3C9F802DC80FAD00C8C48C /* FirebaseStorageCombine-Community */ = {
			isa = XCSwiftPackageProductDependency;
			package = DE3C9F532DC80FAD00C8C48C /* XCRemoteSwiftPackageReference "firebase-ios-sdk" */;
			productName = "FirebaseStorageCombine-Community";
		};
		DE3C9F822DC80FAD00C8C48C /* FirebaseVertexAI */ = {
			isa = XCSwiftPackageProductDependency;
			package = DE3C9F532DC80FAD00C8C48C /* XCRemoteSwiftPackageReference "firebase-ios-sdk" */;
			productName = FirebaseVertexAI;
		};
		DE3C9F852DC80FD000C8C48C /* Stripe */ = {
			isa = XCSwiftPackageProductDependency;
			package = DE3C9F842DC80FD000C8C48C /* XCRemoteSwiftPackageReference "stripe-ios" */;
			productName = Stripe;
		};
		DE3C9F872DC80FD000C8C48C /* StripeApplePay */ = {
			isa = XCSwiftPackageProductDependency;
			package = DE3C9F842DC80FD000C8C48C /* XCRemoteSwiftPackageReference "stripe-ios" */;
			productName = StripeApplePay;
		};
		DE3C9F892DC80FD000C8C48C /* StripeCardScan */ = {
			isa = XCSwiftPackageProductDependency;
			package = DE3C9F842DC80FD000C8C48C /* XCRemoteSwiftPackageReference "stripe-ios" */;
			productName = StripeCardScan;
		};
		DE3C9F8B2DC80FD000C8C48C /* StripeConnect */ = {
			isa = XCSwiftPackageProductDependency;
			package = DE3C9F842DC80FD000C8C48C /* XCRemoteSwiftPackageReference "stripe-ios" */;
			productName = StripeConnect;
		};
		DE3C9F8D2DC80FD000C8C48C /* StripeFinancialConnections */ = {
			isa = XCSwiftPackageProductDependency;
			package = DE3C9F842DC80FD000C8C48C /* XCRemoteSwiftPackageReference "stripe-ios" */;
			productName = StripeFinancialConnections;
		};
		DE3C9F8F2DC80FD000C8C48C /* StripeIdentity */ = {
			isa = XCSwiftPackageProductDependency;
			package = DE3C9F842DC80FD000C8C48C /* XCRemoteSwiftPackageReference "stripe-ios" */;
			productName = StripeIdentity;
		};
		DE3C9F912DC80FD000C8C48C /* StripePaymentSheet */ = {
			isa = XCSwiftPackageProductDependency;
			package = DE3C9F842DC80FD000C8C48C /* XCRemoteSwiftPackageReference "stripe-ios" */;
			productName = StripePaymentSheet;
		};
		DE3C9F932DC80FD000C8C48C /* StripePayments */ = {
			isa = XCSwiftPackageProductDependency;
			package = DE3C9F842DC80FD000C8C48C /* XCRemoteSwiftPackageReference "stripe-ios" */;
			productName = StripePayments;
		};
		DE3C9F952DC80FD000C8C48C /* StripePaymentsUI */ = {
			isa = XCSwiftPackageProductDependency;
			package = DE3C9F842DC80FD000C8C48C /* XCRemoteSwiftPackageReference "stripe-ios" */;
			productName = StripePaymentsUI;
		};
		DE3C9F982DC80FEB00C8C48C /* Kingfisher */ = {
			isa = XCSwiftPackageProductDependency;
			package = DE3C9F972DC80FEB00C8C48C /* XCRemoteSwiftPackageReference "Kingfisher" */;
			productName = Kingfisher;
		};
		DE3C9F9B2DC8100500C8C48C /* GoogleSignIn */ = {
			isa = XCSwiftPackageProductDependency;
			package = DE3C9F9A2DC8100500C8C48C /* XCRemoteSwiftPackageReference "GoogleSignIn-iOS" */;
			productName = GoogleSignIn;
		};
		DE3C9F9D2DC8100500C8C48C /* GoogleSignInSwift */ = {
			isa = XCSwiftPackageProductDependency;
			package = DE3C9F9A2DC8100500C8C48C /* XCRemoteSwiftPackageReference "GoogleSignIn-iOS" */;
			productName = GoogleSignInSwift;
		};
		DE58C13E2DE41E600079B3BB /* ConfettiSwiftUI */ = {
			isa = XCSwiftPackageProductDependency;
			package = DE58C13D2DE41E600079B3BB /* XCRemoteSwiftPackageReference "ConfettiSwiftUI" */;
			productName = ConfettiSwiftUI;
		};
		DE72E39A2DC71A4F00A84898 /* FirebaseAnalyticsOnDeviceConversion */ = {
			isa = XCSwiftPackageProductDependency;
			productName = FirebaseAnalyticsOnDeviceConversion;
		};
		DE72E39C2DC71A4F00A84898 /* FirebaseAnalyticsWithoutAdIdSupport */ = {
			isa = XCSwiftPackageProductDependency;
			productName = FirebaseAnalyticsWithoutAdIdSupport;
		};
		DE72E39E2DC71A4F00A84898 /* FirebaseAppCheck */ = {
			isa = XCSwiftPackageProductDependency;
			productName = FirebaseAppCheck;
		};
		DE957A802DA611470055B2CA /* FirebaseFunctions */ = {
			isa = XCSwiftPackageProductDependency;
			productName = FirebaseFunctions;
		};
/* End XCSwiftPackageProductDependency section */
	};
	rootObject = 02E2BF95297C5C2C0051D19B /* Project object */;
}
